github.com/roidelapluie/testgowork/helloprint v0.0.0-20220324135958-04418ad3a683 h1:uAYzHQcbaM9JqBKgwrgXl8rPGZdeka94jzfs7UVEK8Y=
github.com/roidelapluie/testgowork/helloprint v0.0.0-20220324135958-04418ad3a683/go.mod h1:QGe22EiUpR2XVOOKtyFrz++KEUjFQHXt5V2+gSpYtR0=
github.com/roidelapluie/testgowork/helloprint v0.1.0 h1:d1KeBpZxNE6Od4Rn7KNgNLnNTuhEi+vWZJb1ONprcJ0=
github.com/roidelapluie/testgowork/helloprint v0.1.0/go.mod h1:QGe22EiUpR2XVOOKtyFrz++KEUjFQHXt5V2+gSpYtR0=
